<?xml version="1.0" encoding="UTF-8" standalone="yes" ?>
<CodeBlocks_project_file>
	<FileVersion major="1" minor="6" />
	<Project>
		<Option title="DataSource" />
		<Option pch_mode="2" />
		<Option compiler="gcc" />
		<Build>
			<Target title="Debug">
				<Option output="bin\Debug\DataSource" prefix_auto="1" extension_auto="1" />
				<Option object_output="obj\Debug\" />
				<Option type="1" />
				<Option compiler="gcc" />
				<Compiler>
					<Add option="-g" />
				</Compiler>
			</Target>
			<Target title="Release">
				<Option output="bin\Release\DataSource" prefix_auto="1" extension_auto="1" />
				<Option object_output="obj\Release\" />
				<Option type="1" />
				<Option compiler="gcc" />
				<Compiler>
					<Add option="-O2" />
				</Compiler>
				<Linker>
					<Add option="-s" />
				</Linker>
			</Target>
		</Build>
		<Compiler>
			<Add option="-Wall" />
			<Add option="-fexceptions" />
		</Compiler>
		<Unit filename="Abstract_Encrypt.h">
			<Option target="&lt;{~None~}&gt;" />
		</Unit>
		<Unit filename="ConsoleSource.cpp" />
		<Unit filename="ConsoleSource.h">
			<Option target="&lt;{~None~}&gt;" />
		</Unit>
		<Unit filename="ConsoleTarget.cpp" />
		<Unit filename="ConsoleTarget.h">
			<Option target="&lt;{~None~}&gt;" />
		</Unit>
		<Unit filename="DataSource.h">
			<Option target="&lt;{~None~}&gt;" />
		</Unit>
		<Unit filename="DataTarget.h">
			<Option target="&lt;{~None~}&gt;" />
		</Unit>
		<Unit filename="Encrypt.cpp" />
		<Unit filename="Encrypt.h">
			<Option target="&lt;{~None~}&gt;" />
		</Unit>
		<Unit filename="FileSource.cpp" />
		<Unit filename="FileSource.h">
			<Option target="&lt;{~None~}&gt;" />
		</Unit>
		<Unit filename="FileTarget.cpp" />
		<Unit filename="FileTarget.h">
			<Option target="&lt;{~None~}&gt;" />
		</Unit>
		<Unit filename="MemorySource.h">
			<Option target="&lt;{~None~}&gt;" />
		</Unit>
		<Unit filename="MemoryTarget.h">
			<Option target="&lt;{~None~}&gt;" />
		</Unit>
		<Unit filename="main.cpp" />
		<Extensions>
			<code_completion />
			<debugger />
		</Extensions>
	</Project>
</CodeBlocks_project_file>
